
Microsoft Visual Studio Solution File, Format Version 12.00
# Visual Studio Version 17
VisualStudioVersion = 17.7.34031.279
MinimumVisualStudioVersion = 10.0.40219.1
Project("{FAE04EC0-301F-11D3-BF4B-00C04F79EFBC}") = "Geometry", "Geometry.csproj", "{274C82B3-D481-4077-A78F-8F0287C517D9}"
EndProject
Global
	GlobalSection(SolutionConfigurationPlatforms) = preSolution
		Debug|Any CPU = Debug|Any CPU
		Release|Any CPU = Release|Any CPU
	EndGlobalSection
	GlobalSection(ProjectConfigurationPlatforms) = postSolution
		{274C82B3-D481-4077-A78F-8F0287C517D9}.Debug|Any CPU.ActiveCfg = Debug|Any CPU
		{274C82B3-D481-4077-A78F-8F0287C517D9}.Debug|Any CPU.Build.0 = Debug|Any CPU
		{274C82B3-D481-4077-A78F-8F0287C517D9}.Release|Any CPU.ActiveCfg = Release|Any CPU
		{274C82B3-D481-4077-A78F-8F0287C517D9}.Release|Any CPU.Build.0 = Release|Any CPU
	EndGlobalSection
	GlobalSection(SolutionProperties) = preSolution
		HideSolutionNode = FALSE
	EndGlobalSection
	GlobalSection(ExtensibilityGlobals) = postSolution
		SolutionGuid = {4A26F69D-4879-440B-B14C-32515B6A70D5}
	EndGlobalSection
EndGlobal
